
Microsoft Visual Studio Solution File, Format Version 12.00
# Visual Studio Version 16
VisualStudioVersion = 16.0.30711.63
MinimumVisualStudioVersion = 10.0.40219.1
Project("{9A19103F-16F7-4668-BE54-9A1E7A4F7556}") = "EmployeeManager.DataAccess", "EmployeeManager.DataAccess\EmployeeManager.DataAccess.csproj", "{A425173A-C3F9-4251-AFF9-7E95BD7B4BBA}"
EndProject
Project("{9A19103F-16F7-4668-BE54-9A1E7A4F7556}") = "EmployeeManager.Common", "EmployeeManager.Common\EmployeeManager.Common.csproj", "{A4D5CF54-E102-45EE-A686-030D64246202}"
EndProject
Project("{2150E333-8FDC-42A3-9474-1A3956D46DE8}") = "Libraries", "Libraries", "{DD912DD1-7B66-4245-BD63-C01207561341}"
EndProject
Project("{C7167F0D-BC9F-4E6E-AFE1-012C56B48DB5}") = "EmployeeManager.WinUi (Package)", "EmployeeManager.WinUi\EmployeeManager.WinUi (Package)\EmployeeManager.WinUi (Package).wapproj", "{45A13990-EF59-41F4-8330-1CC3BB99BD0F}"
EndProject
Project("{9A19103F-16F7-4668-BE54-9A1E7A4F7556}") = "EmployeeManager.WinUi", "EmployeeManager.WinUi\EmployeeManager.WinUi\EmployeeManager.WinUi.csproj", "{8AAE09F1-6CDA-44CB-85A8-32F88E2EAB27}"
EndProject
Project("{9A19103F-16F7-4668-BE54-9A1E7A4F7556}") = "EmployeeManager.ViewModel", "EmployeeManager.ViewModel\EmployeeManager.ViewModel.csproj", "{1DC968A2-E53B-4C4D-B9F3-0B520B46B429}"
EndProject
Project("{2150E333-8FDC-42A3-9474-1A3956D46DE8}") = "WinUi", "WinUi", "{4B105C8B-39F5-4206-BCB9-A78DEC4CA722}"
EndProject
Project("{2150E333-8FDC-42A3-9474-1A3956D46DE8}") = "WPF", "WPF", "{FD30C52C-CD02-49FB-92CB-2F101F7CB076}"
EndProject
Project("{9A19103F-16F7-4668-BE54-9A1E7A4F7556}") = "EmployeeManager.WPF", "EmployeeManager.WPF\EmployeeManager.WPF.csproj", "{E17EDF3A-B039-42F7-AF47-A21DDB975CA9}"
EndProject
Project("{2150E333-8FDC-42A3-9474-1A3956D46DE8}") = "WindowsForms", "WindowsForms", "{C1F70FE3-CDBB-4387-87D3-3C8227F2EC8C}"
EndProject
Project("{FAE04EC0-301F-11D3-BF4B-00C04F79EFBC}") = "EmployeeManager.WindowsForms", "EmployeeManager.WindowsForms\EmployeeManager.WindowsForms.csproj", "{390CE788-4D22-440E-A8BF-5985AA791553}"
EndProject
Global
	GlobalSection(SolutionConfigurationPlatforms) = preSolution
		Debug|Any CPU = Debug|Any CPU
		Debug|arm64 = Debug|arm64
		Debug|x64 = Debug|x64
		Debug|x86 = Debug|x86
		Release|Any CPU = Release|Any CPU
		Release|arm64 = Release|arm64
		Release|x64 = Release|x64
		Release|x86 = Release|x86
	EndGlobalSection
	GlobalSection(ProjectConfigurationPlatforms) = postSolution
		{A425173A-C3F9-4251-AFF9-7E95BD7B4BBA}.Debug|Any CPU.ActiveCfg = Debug|Any CPU
		{A425173A-C3F9-4251-AFF9-7E95BD7B4BBA}.Debug|Any CPU.Build.0 = Debug|Any CPU
		{A425173A-C3F9-4251-AFF9-7E95BD7B4BBA}.Debug|arm64.ActiveCfg = Debug|Any CPU
		{A425173A-C3F9-4251-AFF9-7E95BD7B4BBA}.Debug|arm64.Build.0 = Debug|Any CPU
		{A425173A-C3F9-4251-AFF9-7E95BD7B4BBA}.Debug|x64.ActiveCfg = Debug|Any CPU
		{A425173A-C3F9-4251-AFF9-7E95BD7B4BBA}.Debug|x64.Build.0 = Debug|Any CPU
		{A425173A-C3F9-4251-AFF9-7E95BD7B4BBA}.Debug|x86.ActiveCfg = Debug|Any CPU
		{A425173A-C3F9-4251-AFF9-7E95BD7B4BBA}.Debug|x86.Build.0 = Debug|Any CPU
		{A425173A-C3F9-4251-AFF9-7E95BD7B4BBA}.Release|Any CPU.ActiveCfg = Release|Any CPU
		{A425173A-C3F9-4251-AFF9-7E95BD7B4BBA}.Release|Any CPU.Build.0 = Release|Any CPU
		{A425173A-C3F9-4251-AFF9-7E95BD7B4BBA}.Release|arm64.ActiveCfg = Release|Any CPU
		{A425173A-C3F9-4251-AFF9-7E95BD7B4BBA}.Release|arm64.Build.0 = Release|Any CPU
		{A425173A-C3F9-4251-AFF9-7E95BD7B4BBA}.Release|x64.ActiveCfg = Release|Any CPU
		{A425173A-C3F9-4251-AFF9-7E95BD7B4BBA}.Release|x64.Build.0 = Release|Any CPU
		{A425173A-C3F9-4251-AFF9-7E95BD7B4BBA}.Release|x86.ActiveCfg = Release|Any CPU
		{A425173A-C3F9-4251-AFF9-7E95BD7B4BBA}.Release|x86.Build.0 = Release|Any CPU
		{A4D5CF54-E102-45EE-A686-030D64246202}.Debug|Any CPU.ActiveCfg = Debug|Any CPU
		{A4D5CF54-E102-45EE-A686-030D64246202}.Debug|Any CPU.Build.0 = Debug|Any CPU
		{A4D5CF54-E102-45EE-A686-030D64246202}.Debug|arm64.ActiveCfg = Debug|Any CPU
		{A4D5CF54-E102-45EE-A686-030D64246202}.Debug|arm64.Build.0 = Debug|Any CPU
		{A4D5CF54-E102-45EE-A686-030D64246202}.Debug|x64.ActiveCfg = Debug|Any CPU
		{A4D5CF54-E102-45EE-A686-030D64246202}.Debug|x64.Build.0 = Debug|Any CPU
		{A4D5CF54-E102-45EE-A686-030D64246202}.Debug|x86.ActiveCfg = Debug|Any CPU
		{A4D5CF54-E102-45EE-A686-030D64246202}.Debug|x86.Build.0 = Debug|Any CPU
		{A4D5CF54-E102-45EE-A686-030D64246202}.Release|Any CPU.ActiveCfg = Release|Any CPU
		{A4D5CF54-E102-45EE-A686-030D64246202}.Release|Any CPU.Build.0 = Release|Any CPU
		{A4D5CF54-E102-45EE-A686-030D64246202}.Release|arm64.ActiveCfg = Release|Any CPU
		{A4D5CF54-E102-45EE-A686-030D64246202}.Release|arm64.Build.0 = Release|Any CPU
		{A4D5CF54-E102-45EE-A686-030D64246202}.Release|x64.ActiveCfg = Release|Any CPU
		{A4D5CF54-E102-45EE-A686-030D64246202}.Release|x64.Build.0 = Release|Any CPU
		{A4D5CF54-E102-45EE-A686-030D64246202}.Release|x86.ActiveCfg = Release|Any CPU
		{A4D5CF54-E102-45EE-A686-030D64246202}.Release|x86.Build.0 = Release|Any CPU
		{45A13990-EF59-41F4-8330-1CC3BB99BD0F}.Debug|Any CPU.ActiveCfg = Debug|x86
		{45A13990-EF59-41F4-8330-1CC3BB99BD0F}.Debug|Any CPU.Build.0 = Debug|x86
		{45A13990-EF59-41F4-8330-1CC3BB99BD0F}.Debug|Any CPU.Deploy.0 = Debug|x86
		{45A13990-EF59-41F4-8330-1CC3BB99BD0F}.Debug|arm64.ActiveCfg = Debug|arm64
		{45A13990-EF59-41F4-8330-1CC3BB99BD0F}.Debug|arm64.Build.0 = Debug|arm64
		{45A13990-EF59-41F4-8330-1CC3BB99BD0F}.Debug|arm64.Deploy.0 = Debug|arm64
		{45A13990-EF59-41F4-8330-1CC3BB99BD0F}.Debug|x64.ActiveCfg = Debug|x64
		{45A13990-EF59-41F4-8330-1CC3BB99BD0F}.Debug|x64.Build.0 = Debug|x64
		{45A13990-EF59-41F4-8330-1CC3BB99BD0F}.Debug|x64.Deploy.0 = Debug|x64
		{45A13990-EF59-41F4-8330-1CC3BB99BD0F}.Debug|x86.ActiveCfg = Debug|x86
		{45A13990-EF59-41F4-8330-1CC3BB99BD0F}.Debug|x86.Build.0 = Debug|x86
		{45A13990-EF59-41F4-8330-1CC3BB99BD0F}.Debug|x86.Deploy.0 = Debug|x86
		{45A13990-EF59-41F4-8330-1CC3BB99BD0F}.Release|Any CPU.ActiveCfg = Release|x86
		{45A13990-EF59-41F4-8330-1CC3BB99BD0F}.Release|arm64.ActiveCfg = Release|arm64
		{45A13990-EF59-41F4-8330-1CC3BB99BD0F}.Release|arm64.Build.0 = Release|arm64
		{45A13990-EF59-41F4-8330-1CC3BB99BD0F}.Release|arm64.Deploy.0 = Release|arm64
		{45A13990-EF59-41F4-8330-1CC3BB99BD0F}.Release|x64.ActiveCfg = Release|x64
		{45A13990-EF59-41F4-8330-1CC3BB99BD0F}.Release|x64.Build.0 = Release|x64
		{45A13990-EF59-41F4-8330-1CC3BB99BD0F}.Release|x64.Deploy.0 = Release|x64
		{45A13990-EF59-41F4-8330-1CC3BB99BD0F}.Release|x86.ActiveCfg = Release|x86
		{45A13990-EF59-41F4-8330-1CC3BB99BD0F}.Release|x86.Build.0 = Release|x86
		{45A13990-EF59-41F4-8330-1CC3BB99BD0F}.Release|x86.Deploy.0 = Release|x86
		{8AAE09F1-6CDA-44CB-85A8-32F88E2EAB27}.Debug|Any CPU.ActiveCfg = Debug|x86
		{8AAE09F1-6CDA-44CB-85A8-32F88E2EAB27}.Debug|Any CPU.Build.0 = Debug|x86
		{8AAE09F1-6CDA-44CB-85A8-32F88E2EAB27}.Debug|arm64.ActiveCfg = Debug|arm64
		{8AAE09F1-6CDA-44CB-85A8-32F88E2EAB27}.Debug|arm64.Build.0 = Debug|arm64
		{8AAE09F1-6CDA-44CB-85A8-32F88E2EAB27}.Debug|x64.ActiveCfg = Debug|x64
		{8AAE09F1-6CDA-44CB-85A8-32F88E2EAB27}.Debug|x64.Build.0 = Debug|x64
		{8AAE09F1-6CDA-44CB-85A8-32F88E2EAB27}.Debug|x86.ActiveCfg = Debug|x86
		{8AAE09F1-6CDA-44CB-85A8-32F88E2EAB27}.Debug|x86.Build.0 = Debug|x86
		{8AAE09F1-6CDA-44CB-85A8-32F88E2EAB27}.Release|Any CPU.ActiveCfg = Release|x86
		{8AAE09F1-6CDA-44CB-85A8-32F88E2EAB27}.Release|arm64.ActiveCfg = Release|arm64
		{8AAE09F1-6CDA-44CB-85A8-32F88E2EAB27}.Release|arm64.Build.0 = Release|arm64
		{8AAE09F1-6CDA-44CB-85A8-32F88E2EAB27}.Release|x64.ActiveCfg = Release|x64
		{8AAE09F1-6CDA-44CB-85A8-32F88E2EAB27}.Release|x64.Build.0 = Release|x64
		{8AAE09F1-6CDA-44CB-85A8-32F88E2EAB27}.Release|x86.ActiveCfg = Release|x86
		{8AAE09F1-6CDA-44CB-85A8-32F88E2EAB27}.Release|x86.Build.0 = Release|x86
		{1DC968A2-E53B-4C4D-B9F3-0B520B46B429}.Debug|Any CPU.ActiveCfg = Debug|Any CPU
		{1DC968A2-E53B-4C4D-B9F3-0B520B46B429}.Debug|Any CPU.Build.0 = Debug|Any CPU
		{1DC968A2-E53B-4C4D-B9F3-0B520B46B429}.Debug|arm64.ActiveCfg = Debug|Any CPU
		{1DC968A2-E53B-4C4D-B9F3-0B520B46B429}.Debug|arm64.Build.0 = Debug|Any CPU
		{1DC968A2-E53B-4C4D-B9F3-0B520B46B429}.Debug|x64.ActiveCfg = Debug|Any CPU
		{1DC968A2-E53B-4C4D-B9F3-0B520B46B429}.Debug|x64.Build.0 = Debug|Any CPU
		{1DC968A2-E53B-4C4D-B9F3-0B520B46B429}.Debug|x86.ActiveCfg = Debug|Any CPU
		{1DC968A2-E53B-4C4D-B9F3-0B520B46B429}.Debug|x86.Build.0 = Debug|Any CPU
		{1DC968A2-E53B-4C4D-B9F3-0B520B46B429}.Release|Any CPU.ActiveCfg = Release|Any CPU
		{1DC968A2-E53B-4C4D-B9F3-0B520B46B429}.Release|Any CPU.Build.0 = Release|Any CPU
		{1DC968A2-E53B-4C4D-B9F3-0B520B46B429}.Release|arm64.ActiveCfg = Release|Any CPU
		{1DC968A2-E53B-4C4D-B9F3-0B520B46B429}.Release|arm64.Build.0 = Release|Any CPU
		{1DC968A2-E53B-4C4D-B9F3-0B520B46B429}.Release|x64.ActiveCfg = Release|Any CPU
		{1DC968A2-E53B-4C4D-B9F3-0B520B46B429}.Release|x64.Build.0 = Release|Any CPU
		{1DC968A2-E53B-4C4D-B9F3-0B520B46B429}.Release|x86.ActiveCfg = Release|Any CPU
		{1DC968A2-E53B-4C4D-B9F3-0B520B46B429}.Release|x86.Build.0 = Release|Any CPU
		{E17EDF3A-B039-42F7-AF47-A21DDB975CA9}.Debug|Any CPU.ActiveCfg = Debug|Any CPU
		{E17EDF3A-B039-42F7-AF47-A21DDB975CA9}.Debug|Any CPU.Build.0 = Debug|Any CPU
		{E17EDF3A-B039-42F7-AF47-A21DDB975CA9}.Debug|arm64.ActiveCfg = Debug|Any CPU
		{E17EDF3A-B039-42F7-AF47-A21DDB975CA9}.Debug|arm64.Build.0 = Debug|Any CPU
		{E17EDF3A-B039-42F7-AF47-A21DDB975CA9}.Debug|x64.ActiveCfg = Debug|Any CPU
		{E17EDF3A-B039-42F7-AF47-A21DDB975CA9}.Debug|x64.Build.0 = Debug|Any CPU
		{E17EDF3A-B039-42F7-AF47-A21DDB975CA9}.Debug|x86.ActiveCfg = Debug|Any CPU
		{E17EDF3A-B039-42F7-AF47-A21DDB975CA9}.Debug|x86.Build.0 = Debug|Any CPU
		{E17EDF3A-B039-42F7-AF47-A21DDB975CA9}.Release|Any CPU.ActiveCfg = Release|Any CPU
		{E17EDF3A-B039-42F7-AF47-A21DDB975CA9}.Release|Any CPU.Build.0 = Release|Any CPU
		{E17EDF3A-B039-42F7-AF47-A21DDB975CA9}.Release|arm64.ActiveCfg = Release|Any CPU
		{E17EDF3A-B039-42F7-AF47-A21DDB975CA9}.Release|arm64.Build.0 = Release|Any CPU
		{E17EDF3A-B039-42F7-AF47-A21DDB975CA9}.Release|x64.ActiveCfg = Release|Any CPU
		{E17EDF3A-B039-42F7-AF47-A21DDB975CA9}.Release|x64.Build.0 = Release|Any CPU
		{E17EDF3A-B039-42F7-AF47-A21DDB975CA9}.Release|x86.ActiveCfg = Release|Any CPU
		{E17EDF3A-B039-42F7-AF47-A21DDB975CA9}.Release|x86.Build.0 = Release|Any CPU
		{390CE788-4D22-440E-A8BF-5985AA791553}.Debug|Any CPU.ActiveCfg = Debug|Any CPU
		{390CE788-4D22-440E-A8BF-5985AA791553}.Debug|Any CPU.Build.0 = Debug|Any CPU
		{390CE788-4D22-440E-A8BF-5985AA791553}.Debug|arm64.ActiveCfg = Debug|Any CPU
		{390CE788-4D22-440E-A8BF-5985AA791553}.Debug|arm64.Build.0 = Debug|Any CPU
		{390CE788-4D22-440E-A8BF-5985AA791553}.Debug|x64.ActiveCfg = Debug|Any CPU
		{390CE788-4D22-440E-A8BF-5985AA791553}.Debug|x64.Build.0 = Debug|Any CPU
		{390CE788-4D22-440E-A8BF-5985AA791553}.Debug|x86.ActiveCfg = Debug|Any CPU
		{390CE788-4D22-440E-A8BF-5985AA791553}.Debug|x86.Build.0 = Debug|Any CPU
		{390CE788-4D22-440E-A8BF-5985AA791553}.Release|Any CPU.ActiveCfg = Release|Any CPU
		{390CE788-4D22-440E-A8BF-5985AA791553}.Release|Any CPU.Build.0 = Release|Any CPU
		{390CE788-4D22-440E-A8BF-5985AA791553}.Release|arm64.ActiveCfg = Release|Any CPU
		{390CE788-4D22-440E-A8BF-5985AA791553}.Release|arm64.Build.0 = Release|Any CPU
		{390CE788-4D22-440E-A8BF-5985AA791553}.Release|x64.ActiveCfg = Release|Any CPU
		{390CE788-4D22-440E-A8BF-5985AA791553}.Release|x64.Build.0 = Release|Any CPU
		{390CE788-4D22-440E-A8BF-5985AA791553}.Release|x86.ActiveCfg = Release|Any CPU
		{390CE788-4D22-440E-A8BF-5985AA791553}.Release|x86.Build.0 = Release|Any CPU
	EndGlobalSection
	GlobalSection(SolutionProperties) = preSolution
		HideSolutionNode = FALSE
	EndGlobalSection
	GlobalSection(NestedProjects) = preSolution
		{A425173A-C3F9-4251-AFF9-7E95BD7B4BBA} = {DD912DD1-7B66-4245-BD63-C01207561341}
		{A4D5CF54-E102-45EE-A686-030D64246202} = {DD912DD1-7B66-4245-BD63-C01207561341}
		{45A13990-EF59-41F4-8330-1CC3BB99BD0F} = {4B105C8B-39F5-4206-BCB9-A78DEC4CA722}
		{8AAE09F1-6CDA-44CB-85A8-32F88E2EAB27} = {4B105C8B-39F5-4206-BCB9-A78DEC4CA722}
		{1DC968A2-E53B-4C4D-B9F3-0B520B46B429} = {DD912DD1-7B66-4245-BD63-C01207561341}
		{E17EDF3A-B039-42F7-AF47-A21DDB975CA9} = {FD30C52C-CD02-49FB-92CB-2F101F7CB076}
		{390CE788-4D22-440E-A8BF-5985AA791553} = {C1F70FE3-CDBB-4387-87D3-3C8227F2EC8C}
	EndGlobalSection
	GlobalSection(ExtensibilityGlobals) = postSolution
		SolutionGuid = {8D719E33-FCFD-4644-95C9-2842C22D405F}
	EndGlobalSection
EndGlobal
